// !$*UTF8*$!
{
	archiveVersion = 1;
	classes = {
	};
	objectVersion = 46;
	objects = {

/* Begin PBXBuildFile section */
		29834CEA1C22B7810008C6A9 /* AppDelegate.swift in Sources */ = {isa = PBXBuildFile; fileRef = 29834CE91C22B7810008C6A9 /* AppDelegate.swift */; };
		29834CEC1C22B7810008C6A9 /* ViewController.swift in Sources */ = {isa = PBXBuildFile; fileRef = 29834CEB1C22B7810008C6A9 /* ViewController.swift */; };
		29834CEF1C22B7810008C6A9 /* Main.storyboard in Resources */ = {isa = PBXBuildFile; fileRef = 29834CED1C22B7810008C6A9 /* Main.storyboard */; };
		29834CF11C22B7810008C6A9 /* Assets.xcassets in Resources */ = {isa = PBXBuildFile; fileRef = 29834CF01C22B7810008C6A9 /* Assets.xcassets */; };
		29834CF41C22B7810008C6A9 /* LaunchScreen.storyboard in Resources */ = {isa = PBXBuildFile; fileRef = 29834CF21C22B7810008C6A9 /* LaunchScreen.storyboard */; };
/* End PBXBuildFile section */

/* Begin PBXFileReference section */
		29834CE61C22B7800008C6A9 /* jidori_cv.app */ = {isa = PBXFileReference; explicitFileType = wrapper.application; includeInIndex = 0; path = jidori_cv.app; sourceTree = BUILT_PRODUCTS_DIR; };
		29834CE91C22B7810008C6A9 /* AppDelegate.swift */ = {isa = PBXFileReference; lastKnownFileType = sourcecode.swift; path = AppDelegate.swift; sourceTree = "<group>"; };
		29834CEB1C22B7810008C6A9 /* ViewController.swift */ = {isa = PBXFileReference; lastKnownFileType = sourcecode.swift; path = ViewController.swift; sourceTree = "<group>"; };
		29834CEE1C22B7810008C6A9 /* Base */ = {isa = PBXFileReference; lastKnownFileType = file.storyboard; name = Base; path = Base.lproj/Main.storyboard; sourceTree = "<group>"; };
		29834CF01C22B7810008C6A9 /* Assets.xcassets */ = {isa = PBXFileReference; lastKnownFileType = folder.assetcatalog; path = Assets.xcassets; sourceTree = "<group>"; };
		29834CF31C22B7810008C6A9 /* Base */ = {isa = PBXFileReference; lastKnownFileType = file.storyboard; name = Base; path = Base.lproj/LaunchScreen.storyboard; sourceTree = "<group>"; };
		29834CF51C22B7810008C6A9 /* Info.plist */ = {isa = PBXFileReference; lastKnownFileType = text.plist.xml; path = Info.plist; sourceTree = "<group>"; };
/* End PBXFileReference section */

/* Begin PBXFrameworksBuildPhase section */
		29834CE31C22B7800008C6A9 /* Frameworks */ = {
			isa = PBXFrameworksBuildPhase;
			buildActionMask = 2147483647;
			files = (
			);
			runOnlyForDeploymentPostprocessing = 0;
		};
/* End PBXFrameworksBuildPhase section */

/* Begin PBXGroup section */
		29834CDD1C22B7800008C6A9 = {
			isa = PBXGroup;
			children = (
				29834CE81C22B7810008C6A9 /* jidori_cv */,
				29834CE71C22B7800008C6A9 /* Products */,
			);
			sourceTree = "<group>";
		};
		29834CE71C22B7800008C6A9 /* Products */ = {
			isa = PBXGroup;
			children = (
				29834CE61C22B7800008C6A9 /* jidori_cv.app */,
			);
			name = Products;
			sourceTree = "<group>";
		};
		29834CE81C22B7810008C6A9 /* jidori_cv */ = {
			isa = PBXGroup;
			children = (
				29834CE91C22B7810008C6A9 /* AppDelegate.swift */,
				29834CEB1C22B7810008C6A9 /* ViewController.swift */,
				29834CED1C22B7810008C6A9 /* Main.storyboard */,
				29834CF01C22B7810008C6A9 /* Assets.xcassets */,
				29834CF21C22B7810008C6A9 /* LaunchScreen.storyboard */,
				29834CF51C22B7810008C6A9 /* Info.plist */,
			);
			path = jidori_cv;
			sourceTree = "<group>";
		};
/* End PBXGroup section */

/* Begin PBXNativeTarget section */
		29834CE51C22B7800008C6A9 /* jidori_cv */ = {
			isa = PBXNativeTarget;
			buildConfigurationList = 29834CF81C22B7810008C6A9 /* Build configuration list for PBXNativeTarget "jidori_cv" */;
			buildPhases = (
				29834CE21C22B7800008C6A9 /* Sources */,
				29834CE31C22B7800008C6A9 /* Frameworks */,
				29834CE41C22B7800008C6A9 /* Resources */,
			);
			buildRules = (
			);
			dependencies = (
			);
			name = jidori_cv;
			productName = jidori_cv;
			productReference = 29834CE61C22B7800008C6A9 /* jidori_cv.app */;
			productType = "com.apple.product-type.application";
		};
/* End PBXNativeTarget section */

/* Begin PBXProject section */
		29834CDE1C22B7800008C6A9 /* Project object */ = {
			isa = PBXProject;
			attributes = {
				LastSwiftUpdateCheck = 0720;
				LastUpgradeCheck = 0720;
				ORGANIZATIONNAME = AraseKosuke;
				TargetAttributes = {
					29834CE51C22B7800008C6A9 = {
						CreatedOnToolsVersion = 7.2;
						DevelopmentTeam = C3DECQVL45;
					};
				};
			};
			buildConfigurationList = 29834CE11C22B7800008C6A9 /* Build configuration list for PBXProject "jidori_cv" */;
			compatibilityVersion = "Xcode 3.2";
			developmentRegion = English;
			hasScannedForEncodings = 0;
			knownRegions = (
				en,
				Base,
			);
			mainGroup = 29834CDD1C22B7800008C6A9;
			productRefGroup = 29834CE71C22B7800008C6A9 /* Products */;
			projectDirPath = "";
			projectRoot = "";
			targets = (
				29834CE51C22B7800008C6A9 /* jidori_cv */,
			);
		};
/* End PBXProject section */

/* Begin PBXResourcesBuildPhase section */
		29834CE41C22B7800008C6A9 /* Resources */ = {
			isa = PBXResourcesBuildPhase;
			buildActionMask = 2147483647;
			files = (
				29834CF41C22B7810008C6A9 /* LaunchScreen.storyboard in Resources */,
				29834CF11C22B7810008C6A9 /* Assets.xcassets in Resources */,
				29834CEF1C22B7810008C6A9 /* Main.storyboard in Resources */,
			);
			runOnlyForDeploymentPostprocessing = 0;
		};
/* End PBXResourcesBuildPhase section */

/* Begin PBXSourcesBuildPhase section */
		29834CE21C22B7800008C6A9 /* Sources */ = {
			isa = PBXSourcesBuildPhase;
			buildActionMask = 2147483647;
			files = (
				29834CEC1C22B7810008C6A9 /* ViewController.swift in Sources */,
				29834CEA1C22B7810008C6A9 /* AppDelegate.swift in Sources */,
			);
			runOnlyForDeploymentPostprocessing = 0;
		};
/* End PBXSourcesBuildPhase section */

/* Begin PBXVariantGroup section */
		29834CED1C22B7810008C6A9 /* Main.storyboard */ = {
			isa = PBXVariantGroup;
			children = (
				29834CEE1C22B7810008C6A9 /* Base */,
			);
			name = Main.storyboard;
			sourceTree = "<group>";
		};
		29834CF21C22B7810008C6A9 /* LaunchScreen.storyboard */ = {
			isa = PBXVariantGroup;
			children = (
				29834CF31C22B7810008C6A9 /* Base */,
			);
			name = LaunchScreen.storyboard;
			sourceTree = "<group>";
		};
/* End PBXVariantGroup section */

/* Begin XCBuildConfiguration section */
		29834CF61C22B7810008C6A9 /* Debug */ = {
			isa = XCBuildConfiguration;
			buildSettings = {
				ALWAYS_SEARCH_USER_PATHS = NO;
				CLANG_CXX_LANGUAGE_STANDARD = "gnu++0x";
				CLANG_CXX_LIBRARY = "libc++";
				CLANG_ENABLE_MODULES = YES;
				CLANG_ENABLE_OBJC_ARC = YES;
				CLANG_WARN_BOOL_CONVERSION = YES;
				CLANG_WARN_CONSTANT_CONVERSION = YES;
				CLANG_WARN_DIRECT_OBJC_ISA_USAGE = YES_ERROR;
				CLANG_WARN_EMPTY_BODY = YES;
				CLANG_WARN_ENUM_CONVERSION = YES;
				CLANG_WARN_INT_CONVERSION = YES;
				CLANG_WARN_OBJC_ROOT_CLASS = YES_ERROR;
				CLANG_WARN_UNREACHABLE_CODE = YES;
				CLANG_WARN__DUPLICATE_METHOD_MATCH = YES;
				"CODE_SIGN_IDENTITY[sdk=iphoneos*]" = "iPhone Developer";
				COPY_PHASE_STRIP = NO;
				DEBUG_INFORMATION_FORMAT = dwarf;
				ENABLE_STRICT_OBJC_MSGSEND = YES;
				ENABLE_TESTABILITY = YES;
				GCC_C_LANGUAGE_STANDARD = gnu99;
				GCC_DYNAMIC_NO_PIC = NO;
				GCC_NO_COMMON_BLOCKS = YES;
				GCC_OPTIMIZATION_LEVEL = 0;
				GCC_PREPROCESSOR_DEFINITIONS = (
					"DEBUG=1",
					"$(inherited)",
				);
				GCC_WARN_64_TO_32_BIT_CONVERSION = YES;
				GCC_WARN_ABOUT_RETURN_TYPE = YES_ERROR;
				GCC_WARN_UNDECLARED_SELECTOR = YES;
				GCC_WARN_UNINITIALIZED_AUTOS = YES_AGGRESSIVE;
				GCC_WARN_UNUSED_FUNCTION = YES;
				GCC_WARN_UNUSED_VARIABLE = YES;
				IPHONEOS_DEPLOYMENT_TARGET = 9.2;
				MTL_ENABLE_DEBUG_INFO = YES;
				ONLY_ACTIVE_ARCH = YES;
				SDKROOT = iphoneos;
				SWIFT_OPTIMIZATION_LEVEL = "-Onone";
				TARGETED_DEVICE_FAMILY = "1,2";
			};
			name = Debug;
		};
		29834CF71C22B7810008C6A9 /* Release */ = {
			isa = XCBuildConfiguration;
			buildSettings = {
				ALWAYS_SEARCH_USER_PATHS = NO;
				CLANG_CXX_LANGUAGE_STANDARD = "gnu++0x";
				CLANG_CXX_LIBRARY = "libc++";
				CLANG_ENABLE_MODULES = YES;
				CLANG_ENABLE_OBJC_ARC = YES;
				CLANG_WARN_BOOL_CONVERSION = YES;
				CLANG_WARN_CONSTANT_CONVERSION = YES;
				CLANG_WARN_DIRECT_OBJC_ISA_USAGE = YES_ERROR;
				CLANG_WARN_EMPTY_BODY = YES;
				CLANG_WARN_ENUM_CONVERSION = YES;
				CLANG_WARN_INT_CONVERSION = YES;
				CLANG_WARN_OBJC_ROOT_CLASS = YES_ERROR;
				CLANG_WARN_UNREACHABLE_CODE = YES;
				CLANG_WARN__DUPLICATE_METHOD_MATCH = YES;
				"CODE_SIGN_IDENTITY[sdk=iphoneos*]" = "iPhone Developer";
				COPY_PHASE_STRIP = NO;
				DEBUG_INFORMATION_FORMAT = "dwarf-with-dsym";
				ENABLE_NS_ASSERTIONS = NO;
				ENABLE_STRICT_OBJC_MSGSEND = YES;
				GCC_C_LANGUAGE_STANDARD = gnu99;
				GCC_NO_COMMON_BLOCKS = YES;
				GCC_WARN_64_TO_32_BIT_CONVERSION = YES;
				GCC_WARN_ABOUT_RETURN_TYPE = YES_ERROR;
				GCC_WARN_UNDECLARED_SELECTOR = YES;
				GCC_WARN_UNINITIALIZED_AUTOS = YES_AGGRESSIVE;
				GCC_WARN_UNUSED_FUNCTION = YES;
				GCC_WARN_UNUSED_VARIABLE = YES;
				IPHONEOS_DEPLOYMENT_TARGET = 9.2;
				MTL_ENABLE_DEBUG_INFO = NO;
				SDKROOT = iphoneos;
				TARGETED_DEVICE_FAMILY = "1,2";
				VALIDATE_PRODUCT = YES;
			};
			name = Release;
		};
		29834CF91C22B7810008C6A9 /* Debug */ = {
			isa = XCBuildConfiguration;
			buildSettings = {
				ASSETCATALOG_COMPILER_APPICON_NAME = AppIcon;
				INFOPLIST_FILE = jidori_cv/Info.plist;
				LD_RUNPATH_SEARCH_PATHS = "$(inherited) @executable_path/Frameworks";
				PRODUCT_BUNDLE_IDENTIFIER = "com.AraseKosuke.jidori-cv";
				PRODUCT_NAME = "$(TARGET_NAME)";
			};
			name = Debug;
		};
		29834CFA1C22B7810008C6A9 /* Release */ = {
			isa = XCBuildConfiguration;
			buildSettings = {
				ASSETCATALOG_COMPILER_APPICON_NAME = AppIcon;
				INFOPLIST_FILE = jidori_cv/Info.plist;
				LD_RUNPATH_SEARCH_PATHS = "$(inherited) @executable_path/Frameworks";
				PRODUCT_BUNDLE_IDENTIFIER = "com.AraseKosuke.jidori-cv";
				PRODUCT_NAME = "$(TARGET_NAME)";
			};
			name = Release;
		};
/* End XCBuildConfiguration section */

/* Begin XCConfigurationList section */
		29834CE11C22B7800008C6A9 /* Build configuration list for PBXProject "jidori_cv" */ = {
			isa = XCConfigurationList;
			buildConfigurations = (
				29834CF61C22B7810008C6A9 /* Debug */,
				29834CF71C22B7810008C6A9 /* Release */,
			);
			defaultConfigurationIsVisible = 0;
			defaultConfigurationName = Release;
		};
		29834CF81C22B7810008C6A9 /* Build configuration list for PBXNativeTarget "jidori_cv" */ = {
			isa = XCConfigurationList;
			buildConfigurations = (
				29834CF91C22B7810008C6A9 /* Debug */,
				29834CFA1C22B7810008C6A9 /* Release */,
			);
			defaultConfigurationIsVisible = 0;
		};
/* End XCConfigurationList section */
	};
	rootObject = 29834CDE1C22B7800008C6A9 /* Project object */;
}
